
Microsoft Visual Studio Solution File, Format Version 12.00
# Visual Studio Version 17
VisualStudioVersion = 17.7.34202.233
MinimumVisualStudioVersion = 10.0.40219.1
Project("{FAE04EC0-301F-11D3-BF4B-00C04F79EFBC}") = "SignalModeling", "SignalModeling\SignalModeling.csproj", "{8D4BA703-B743-4E42-9A44-CE9DAA60B3FD}"
EndProject
Global
	GlobalSection(SolutionConfigurationPlatforms) = preSolution
		Debug|Any CPU = Debug|Any CPU
		Release|Any CPU = Release|Any CPU
	EndGlobalSection
	GlobalSection(ProjectConfigurationPlatforms) = postSolution
		{8D4BA703-B743-4E42-9A44-CE9DAA60B3FD}.Debug|Any CPU.ActiveCfg = Debug|Any CPU
		{8D4BA703-B743-4E42-9A44-CE9DAA60B3FD}.Debug|Any CPU.Build.0 = Debug|Any CPU
		{8D4BA703-B743-4E42-9A44-CE9DAA60B3FD}.Release|Any CPU.ActiveCfg = Release|Any CPU
		{8D4BA703-B743-4E42-9A44-CE9DAA60B3FD}.Release|Any CPU.Build.0 = Release|Any CPU
	EndGlobalSection
	GlobalSection(SolutionProperties) = preSolution
		HideSolutionNode = FALSE
	EndGlobalSection
	GlobalSection(ExtensibilityGlobals) = postSolution
		SolutionGuid = {E1B6215B-7910-4C56-9CD2-3A8517CEAA76}
	EndGlobalSection
EndGlobal
